
Microsoft Visual Studio Solution File, Format Version 12.00
# Visual Studio 15
VisualStudioVersion = 15.0.28307.960
MinimumVisualStudioVersion = 10.0.40219.1
Project("{FAE04EC0-301F-11D3-BF4B-00C04F79EFBC}") = "RabbitFunction", "RabbitFunction\RabbitFunction.csproj", "{CBC7A744-386F-4E67-83B6-BB723E5DD193}"
EndProject
Global
	GlobalSection(SolutionConfigurationPlatforms) = preSolution
		Debug|Any CPU = Debug|Any CPU
		Release|Any CPU = Release|Any CPU
	EndGlobalSection
	GlobalSection(ProjectConfigurationPlatforms) = postSolution
		{CBC7A744-386F-4E67-83B6-BB723E5DD193}.Debug|Any CPU.ActiveCfg = Debug|Any CPU
		{CBC7A744-386F-4E67-83B6-BB723E5DD193}.Debug|Any CPU.Build.0 = Debug|Any CPU
		{CBC7A744-386F-4E67-83B6-BB723E5DD193}.Release|Any CPU.ActiveCfg = Release|Any CPU
		{CBC7A744-386F-4E67-83B6-BB723E5DD193}.Release|Any CPU.Build.0 = Release|Any CPU
	EndGlobalSection
	GlobalSection(SolutionProperties) = preSolution
		HideSolutionNode = FALSE
	EndGlobalSection
	GlobalSection(ExtensibilityGlobals) = postSolution
		SolutionGuid = {8B84F86C-BDF2-4C1C-9BA7-8EFFB1D4E461}
	EndGlobalSection
EndGlobal
