
Microsoft Visual Studio Solution File, Format Version 12.00
# Visual Studio 15
VisualStudioVersion = 15.0.28307.852
MinimumVisualStudioVersion = 10.0.40219.1
Project("{FAE04EC0-301F-11D3-BF4B-00C04F79EFBC}") = "ComicsStoreBack", "ComicsStoreBack\ComicsStoreBack.csproj", "{F5EA9CCC-4BDD-4944-B046-6FE62E3FB521}"
EndProject
Project("{E24C65DC-7377-472B-9ABA-BC803B73C61A}") = "ComicsStoreClient", "ComicsStoreClient\", "{F128C8FD-DEB6-458F-9A76-7EE99885864D}"
	ProjectSection(WebsiteProperties) = preProject
		TargetFrameworkMoniker = ".NETFramework,Version%3Dv4.6.1"
		Debug.AspNetCompiler.VirtualPath = "/localhost_64433"
		Debug.AspNetCompiler.PhysicalPath = "ComicsStoreClient\"
		Debug.AspNetCompiler.TargetPath = "PrecompiledWeb\localhost_64433\"
		Debug.AspNetCompiler.Updateable = "true"
		Debug.AspNetCompiler.ForceOverwrite = "true"
		Debug.AspNetCompiler.FixedNames = "false"
		Debug.AspNetCompiler.Debug = "True"
		Release.AspNetCompiler.VirtualPath = "/localhost_64433"
		Release.AspNetCompiler.PhysicalPath = "ComicsStoreClient\"
		Release.AspNetCompiler.TargetPath = "PrecompiledWeb\localhost_64433\"
		Release.AspNetCompiler.Updateable = "true"
		Release.AspNetCompiler.ForceOverwrite = "true"
		Release.AspNetCompiler.FixedNames = "false"
		Release.AspNetCompiler.Debug = "False"
		VWDPort = "64433"
		SlnRelativePath = "ComicsStoreClient\"
		DefaultWebSiteLanguage = "Visual C#"
	EndProjectSection
	ProjectSection(ProjectDependencies) = postProject
		{F5EA9CCC-4BDD-4944-B046-6FE62E3FB521} = {F5EA9CCC-4BDD-4944-B046-6FE62E3FB521}
	EndProjectSection
EndProject
Global
	GlobalSection(SolutionConfigurationPlatforms) = preSolution
		Debug|Any CPU = Debug|Any CPU
		Release|Any CPU = Release|Any CPU
	EndGlobalSection
	GlobalSection(ProjectConfigurationPlatforms) = postSolution
		{F5EA9CCC-4BDD-4944-B046-6FE62E3FB521}.Debug|Any CPU.ActiveCfg = Debug|Any CPU
		{F5EA9CCC-4BDD-4944-B046-6FE62E3FB521}.Debug|Any CPU.Build.0 = Debug|Any CPU
		{F5EA9CCC-4BDD-4944-B046-6FE62E3FB521}.Release|Any CPU.ActiveCfg = Release|Any CPU
		{F5EA9CCC-4BDD-4944-B046-6FE62E3FB521}.Release|Any CPU.Build.0 = Release|Any CPU
		{F128C8FD-DEB6-458F-9A76-7EE99885864D}.Debug|Any CPU.ActiveCfg = Debug|Any CPU
		{F128C8FD-DEB6-458F-9A76-7EE99885864D}.Debug|Any CPU.Build.0 = Debug|Any CPU
		{F128C8FD-DEB6-458F-9A76-7EE99885864D}.Release|Any CPU.ActiveCfg = Debug|Any CPU
		{F128C8FD-DEB6-458F-9A76-7EE99885864D}.Release|Any CPU.Build.0 = Debug|Any CPU
	EndGlobalSection
	GlobalSection(SolutionProperties) = preSolution
		HideSolutionNode = FALSE
	EndGlobalSection
	GlobalSection(ExtensibilityGlobals) = postSolution
		SolutionGuid = {87C05D4D-0188-4FB5-B55B-4916038A74A1}
	EndGlobalSection
EndGlobal
